
Microsoft Visual Studio Solution File, Format Version 12.00
# Visual Studio Version 16
VisualStudioVersion = 16.0.29806.167
MinimumVisualStudioVersion = 10.0.40219.1
Project("{FAE04EC0-301F-11D3-BF4B-00C04F79EFBC}") = "eTickets", "eTickets\eTickets.csproj", "{84AED003-C706-4D13-AA81-5D65B18B388C}"
EndProject
Global
	GlobalSection(SolutionConfigurationPlatforms) = preSolution
		Debug|Any CPU = Debug|Any CPU
		Release|Any CPU = Release|Any CPU
	EndGlobalSection
	GlobalSection(ProjectConfigurationPlatforms) = postSolution
		{84AED003-C706-4D13-AA81-5D65B18B388C}.Debug|Any CPU.ActiveCfg = Debug|Any CPU
		{84AED003-C706-4D13-AA81-5D65B18B388C}.Debug|Any CPU.Build.0 = Debug|Any CPU
		{84AED003-C706-4D13-AA81-5D65B18B388C}.Release|Any CPU.ActiveCfg = Release|Any CPU
		{84AED003-C706-4D13-AA81-5D65B18B388C}.Release|Any CPU.Build.0 = Release|Any CPU
	EndGlobalSection
	GlobalSection(SolutionProperties) = preSolution
		HideSolutionNode = FALSE
	EndGlobalSection
	GlobalSection(ExtensibilityGlobals) = postSolution
		SolutionGuid = {88CF370C-3048-4F84-BFCB-B867BD8E9673}
	EndGlobalSection
EndGlobal
